
Microsoft Visual Studio Solution File, Format Version 12.00
# Visual Studio 15
VisualStudioVersion = 15.0.27703.2042
MinimumVisualStudioVersion = 10.0.40219.1
Project("{FAE04EC0-301F-11D3-BF4B-00C04F79EFBC}") = "Galery.Client", "Galery\Galery.Client.csproj", "{1ACA2328-60A7-4DD1-AD89-7A6F6FA827B3}"
EndProject
Project("{9A19103F-16F7-4668-BE54-9A1E7A4F7556}") = "Galery.Server", "Galery.Server\Galery.Server.csproj", "{85895DF9-A5B9-4486-825A-A234989A6EF1}"
EndProject
Project("{9A19103F-16F7-4668-BE54-9A1E7A4F7556}") = "Galery.Server.DAL", "Galery.Server.DAL\Galery.Server.DAL.csproj", "{E8067F14-EEB8-4BE7-9FB7-BD036DABB2B0}"
EndProject
Project("{9A19103F-16F7-4668-BE54-9A1E7A4F7556}") = "Galery.Server.Service", "Galery.Server.Service\Galery.Server.Service.csproj", "{D1FC90EB-EB71-495C-B86F-609E136F4ABA}"
EndProject
Project("{00D1A9C2-B5F0-4AF3-8072-F6C62B433612}") = "Galery.Server.Database", "Galery.Server.Database\Galery.Server.Database.sqlproj", "{2258AC9E-0728-489A-AE11-4F6FE2F429A1}"
EndProject
Project("{FAE04EC0-301F-11D3-BF4B-00C04F79EFBC}") = "Galery.Common", "Galery.Common\Galery.Common.csproj", "{BA4F472A-04AE-4307-B8ED-D58FD766CA6D}"
EndProject
Global
	GlobalSection(SolutionConfigurationPlatforms) = preSolution
		Debug|Any CPU = Debug|Any CPU
		Release|Any CPU = Release|Any CPU
	EndGlobalSection
	GlobalSection(ProjectConfigurationPlatforms) = postSolution
		{1ACA2328-60A7-4DD1-AD89-7A6F6FA827B3}.Debug|Any CPU.ActiveCfg = Debug|Any CPU
		{1ACA2328-60A7-4DD1-AD89-7A6F6FA827B3}.Debug|Any CPU.Build.0 = Debug|Any CPU
		{1ACA2328-60A7-4DD1-AD89-7A6F6FA827B3}.Release|Any CPU.ActiveCfg = Release|Any CPU
		{1ACA2328-60A7-4DD1-AD89-7A6F6FA827B3}.Release|Any CPU.Build.0 = Release|Any CPU
		{85895DF9-A5B9-4486-825A-A234989A6EF1}.Debug|Any CPU.ActiveCfg = Debug|Any CPU
		{85895DF9-A5B9-4486-825A-A234989A6EF1}.Debug|Any CPU.Build.0 = Debug|Any CPU
		{85895DF9-A5B9-4486-825A-A234989A6EF1}.Release|Any CPU.ActiveCfg = Release|Any CPU
		{85895DF9-A5B9-4486-825A-A234989A6EF1}.Release|Any CPU.Build.0 = Release|Any CPU
		{E8067F14-EEB8-4BE7-9FB7-BD036DABB2B0}.Debug|Any CPU.ActiveCfg = Debug|Any CPU
		{E8067F14-EEB8-4BE7-9FB7-BD036DABB2B0}.Debug|Any CPU.Build.0 = Debug|Any CPU
		{E8067F14-EEB8-4BE7-9FB7-BD036DABB2B0}.Release|Any CPU.ActiveCfg = Release|Any CPU
		{E8067F14-EEB8-4BE7-9FB7-BD036DABB2B0}.Release|Any CPU.Build.0 = Release|Any CPU
		{D1FC90EB-EB71-495C-B86F-609E136F4ABA}.Debug|Any CPU.ActiveCfg = Debug|Any CPU
		{D1FC90EB-EB71-495C-B86F-609E136F4ABA}.Debug|Any CPU.Build.0 = Debug|Any CPU
		{D1FC90EB-EB71-495C-B86F-609E136F4ABA}.Release|Any CPU.ActiveCfg = Release|Any CPU
		{D1FC90EB-EB71-495C-B86F-609E136F4ABA}.Release|Any CPU.Build.0 = Release|Any CPU
		{2258AC9E-0728-489A-AE11-4F6FE2F429A1}.Debug|Any CPU.ActiveCfg = Debug|Any CPU
		{2258AC9E-0728-489A-AE11-4F6FE2F429A1}.Debug|Any CPU.Build.0 = Debug|Any CPU
		{2258AC9E-0728-489A-AE11-4F6FE2F429A1}.Debug|Any CPU.Deploy.0 = Debug|Any CPU
		{2258AC9E-0728-489A-AE11-4F6FE2F429A1}.Release|Any CPU.ActiveCfg = Release|Any CPU
		{2258AC9E-0728-489A-AE11-4F6FE2F429A1}.Release|Any CPU.Build.0 = Release|Any CPU
		{2258AC9E-0728-489A-AE11-4F6FE2F429A1}.Release|Any CPU.Deploy.0 = Release|Any CPU
		{BA4F472A-04AE-4307-B8ED-D58FD766CA6D}.Debug|Any CPU.ActiveCfg = Debug|Any CPU
		{BA4F472A-04AE-4307-B8ED-D58FD766CA6D}.Debug|Any CPU.Build.0 = Debug|Any CPU
		{BA4F472A-04AE-4307-B8ED-D58FD766CA6D}.Release|Any CPU.ActiveCfg = Release|Any CPU
		{BA4F472A-04AE-4307-B8ED-D58FD766CA6D}.Release|Any CPU.Build.0 = Release|Any CPU
	EndGlobalSection
	GlobalSection(SolutionProperties) = preSolution
		HideSolutionNode = FALSE
	EndGlobalSection
	GlobalSection(ExtensibilityGlobals) = postSolution
		SolutionGuid = {555C5E82-8336-47E4-8499-935142450BC4}
	EndGlobalSection
EndGlobal
